{
  "version": "2",
  "remote": {
    "https://deno.land/std@0.152.0/fmt/colors.ts": "6f9340b7fb8cc25a993a99e5efc56fe81bb5af284ff412129dd06df06f53c0b4",
    "https://deno.land/std@0.152.0/testing/_diff.ts": "029a00560b0d534bc0046f1bce4bd36b3b41ada3f2a3178c85686eb2ff5f1413",
    "https://deno.land/std@0.152.0/testing/_format.ts": "0d8dc79eab15b67cdc532826213bbe05bccfd276ca473a50a3fc7bbfb7260642",
    "https://deno.land/std@0.152.0/testing/asserts.ts": "093735c88f52bbead7f60a1f7a97a2ce4df3c2d5fab00a46956f20b4a5793ccd",
    "https://deno.land/std@0.152.0/testing/mock.ts": "c7cc7eae6eecbe692798bd7ce155f81a9c600865b0b2e8799068e8a85cc83b3d",
    "https://deno.land/x/conditional_type_checks@1.0.6/mod.ts": "2d1c0be29c707ecea592764c1aba8fbe6aca299238c38610e8db2b7b2a7aef14",
    "https://deno.land/x/deno_slack_api@1.6.0/api-proxy.ts": "20cf2ec33071e0b7a319a3fb9c8f8440a891f71bc780097e9000f66bbeaa7ab5",
    "https://deno.land/x/deno_slack_api@1.6.0/base-client.ts": "faf6c7ae680f5a8e73f16866addb1747c49ade089eb34414923077bf7f450c7d",
    "https://deno.land/x/deno_slack_api@1.6.0/generated/method-types/admin.ts": "3564a56c3b24ca9e983e6c9e23e27916f975387ad29c820ac5264861b035fa37",
    "https://deno.land/x/deno_slack_api@1.6.0/generated/method-types/api.ts": "b6e55651d5361c8014456ce7298577e24cc7f0e5b5778db7aa39b4bc52f6be6e",
    "https://deno.land/x/deno_slack_api@1.6.0/generated/method-types/apps.ts": "71a560384acc883de891499dd915209ed8fd99326649f649884c53c5f3fa7d8b",
    "https://deno.land/x/deno_slack_api@1.6.0/generated/method-types/auth.ts": "cdea87a7830ba10e0a764b9109e478ab6165d23a5ca74a865d7b4977c2e1b9a9",
    "https://deno.land/x/deno_slack_api@1.6.0/generated/method-types/bookmarks.ts": "1aad44f0727a7eaa0280ab6a27a663a8a70c978ba634ac00bff762f081cd81bc",
    "https://deno.land/x/deno_slack_api@1.6.0/generated/method-types/bots.ts": "0e2699db5370df05cae2346ea007f608935125bc4a606862362b5f058f6bab48",
    "https://deno.land/x/deno_slack_api@1.6.0/generated/method-types/calls.ts": "3eb2999441efe068abd5e68442d314db26258c5279b2ce678cc2b59187679417",
    "https://deno.land/x/deno_slack_api@1.6.0/generated/method-types/chat.ts": "696f7cb7cc3973a18778a0145e6682a6b93f9671d6f471dafe12dce7574d123d",
    "https://deno.land/x/deno_slack_api@1.6.0/generated/method-types/conversations.ts": "04a058fd888e6eab360601c4878b49c32d626839bea791f9647d04558025b5e6",
    "https://deno.land/x/deno_slack_api@1.6.0/generated/method-types/dialog.ts": "875b2b8d127917a66b6e724d1de748657f18740c144e9a86c9a6ccbb555fe6cf",
    "https://deno.land/x/deno_slack_api@1.6.0/generated/method-types/dnd.ts": "745eb9579e9411bd293becd9afbc2e9081023e11326630b958eefecb3205ccc3",
    "https://deno.land/x/deno_slack_api@1.6.0/generated/method-types/emoji.ts": "564f752d28daac5843be7a43476a3c5aae23ce638532fe2522ab4159e3d7ab3a",
    "https://deno.land/x/deno_slack_api@1.6.0/generated/method-types/enterprise.ts": "5fa4016840d30c72e0f2581878f6a950f4cac006f82c956d12ed9898b61dabd0",
    "https://deno.land/x/deno_slack_api@1.6.0/generated/method-types/files.ts": "ee55b623452d87f370c2149bdcc903880115858a67786fc7ea55a2fe3a04c817",
    "https://deno.land/x/deno_slack_api@1.6.0/generated/method-types/migration.ts": "330a286b193af03481051f7404e6c6bdc5a9878208440219914cd648f27b7ab8",
    "https://deno.land/x/deno_slack_api@1.6.0/generated/method-types/mod.ts": "b056fe92ae54fc5dbd8a56e3eabb915d0a0f118a15058ce53a6cb2cf6f7652d6",
    "https://deno.land/x/deno_slack_api@1.6.0/generated/method-types/oauth.ts": "a46048f7e2776798ecb57ab7b5d56c254b211030cb11a79d2354a90f3687473f",
    "https://deno.land/x/deno_slack_api@1.6.0/generated/method-types/openid.ts": "4fa53dff20dd1ab9fa824829ad6319c1432aef8fcdd87279bc75d44a5132f4d3",
    "https://deno.land/x/deno_slack_api@1.6.0/generated/method-types/pins.ts": "f5aaa7c8228fcd7d75d947c3b71c95c7c92eba473fd82ed457a42d30a2e7b93b",
    "https://deno.land/x/deno_slack_api@1.6.0/generated/method-types/reactions.ts": "4440795f4b6a05729bcccbdf409c885969e944104c3d5f92de03f4d2283c1aac",
    "https://deno.land/x/deno_slack_api@1.6.0/generated/method-types/reminders.ts": "b563c146e274fe13057033048efb13a1886b6e61a0bf44fb159a42fc7ff77fe1",
    "https://deno.land/x/deno_slack_api@1.6.0/generated/method-types/rtm.ts": "9235c6a110e1f05b136b8dbc0d4de5e122ebc45420d8a2c586462b84b26886b9",
    "https://deno.land/x/deno_slack_api@1.6.0/generated/method-types/search.ts": "f5a7544ec45c1676acc77407616b2d8d8d3e1a511a3e4ffda93555f0c9ae5893",
    "https://deno.land/x/deno_slack_api@1.6.0/generated/method-types/stars.ts": "c91f4154e907ea92fffd0e4834d1c9b0a919d23e89d6fe90d9f69b3f226b4b9f",
    "https://deno.land/x/deno_slack_api@1.6.0/generated/method-types/team.ts": "c81f51688d1ddbf02686232cdf84b53f46551875544924dcbced60531ac6b035",
    "https://deno.land/x/deno_slack_api@1.6.0/generated/method-types/tooling.ts": "ec30c6fd91d05afb915d5851dae4bb4a742db1d40ed5fcc71a400d6deb2264b6",
    "https://deno.land/x/deno_slack_api@1.6.0/generated/method-types/usergroups.ts": "56e1c2827230443d27ee585d5c5629dd7024730c399969d0b70fa3bd8d64c1c6",
    "https://deno.land/x/deno_slack_api@1.6.0/generated/method-types/users.ts": "a1914f5e1a75363b645ee576168276aac79e59c6938bb5494ddd097bb83947a2",
    "https://deno.land/x/deno_slack_api@1.6.0/generated/method-types/views.ts": "12ed9848a217b3ca83dd1378414c62a305711c7937635aed2bcc8af8838bcd75",
    "https://deno.land/x/deno_slack_api@1.6.0/generated/method-types/workflows.ts": "92a3a8f8bc6a7c121d4a7435eadc02e42a5d8a308709fdfddc5ae3c4fe373045",
    "https://deno.land/x/deno_slack_api@1.6.0/mod.ts": "2c5c95a5b6cccb3b1e090b2cf7905a7fc435da28e7b60e0bed51b405ba810511",
    "https://deno.land/x/deno_slack_api@1.6.0/type-helpers.ts": "0b60b05f32096c8e1df045864cdca7bdb58acc68716076cf218dfe09a2677066",
    "https://deno.land/x/deno_slack_api@1.6.0/typed-method-types/apps.ts": "d704902416df968e197130fa9b6fd0800e896f8842cd6b9bd10b1a760d22261e",
    "https://deno.land/x/deno_slack_api@1.6.0/typed-method-types/chat.ts": "102ffc03b2119afd94a3b181c37e29a39a707c39cb953bdfa784bd854bdfbe52",
    "https://deno.land/x/deno_slack_api@1.6.0/typed-method-types/functions.ts": "ef359a596a548546b8d3be25ef6bedec65ecb53f35ffaf2c6d04c031b12c7ac5",
    "https://deno.land/x/deno_slack_api@1.6.0/typed-method-types/mod.ts": "c06634aac44535f4182e36b89ca7c11b3303374e863d9ae375347090ee76b153",
    "https://deno.land/x/deno_slack_api@1.6.0/typed-method-types/workflows/mod.ts": "be33a1bd8a4df3bf58ca404d2ed7ed2df95abd989b14c14782861c37f8200925",
    "https://deno.land/x/deno_slack_api@1.6.0/typed-method-types/workflows/triggers/base_response.ts": "f1a77f2c163dcbb3ac2414acddc72be6dfa24d5f1e3623423752ad45a8c97572",
    "https://deno.land/x/deno_slack_api@1.6.0/typed-method-types/workflows/triggers/event.ts": "f9c9b35a60d27f5ff1c88b594f9ec7be4623dd160f69fddf61c2289866703a58",
    "https://deno.land/x/deno_slack_api@1.6.0/typed-method-types/workflows/triggers/inputs.ts": "8c944044b695bd6f47193d64803db3ad9752c1d76af94d9dfb8d8d06ed409438",
    "https://deno.land/x/deno_slack_api@1.6.0/typed-method-types/workflows/triggers/mod.ts": "68efbd7f2e4ebea92ae3b1194a9c2d496332252a0eaa408c76d5b81458bd321a",
    "https://deno.land/x/deno_slack_api@1.6.0/typed-method-types/workflows/triggers/scheduled.ts": "a1f5731657835f6dd5e9daaa6d9ed553e99a01847a077a118f78b2964395ba2b",
    "https://deno.land/x/deno_slack_api@1.6.0/typed-method-types/workflows/triggers/shortcut.ts": "062a7bc4806b24a673c10ee55310f41275511871e077a8019633c9647cba0672",
    "https://deno.land/x/deno_slack_api@1.6.0/typed-method-types/workflows/triggers/trigger-event-types.ts": "547465948def9c174e2ad87ca012ae512100a1c9d2bfb8895350a248046977b5",
    "https://deno.land/x/deno_slack_api@1.6.0/typed-method-types/workflows/triggers/trigger-filter.ts": "db0583587e893b9dd4e30e1e413c5b177ac032c9053510bcdbd3d099b23130b6",
    "https://deno.land/x/deno_slack_api@1.6.0/typed-method-types/workflows/triggers/webhook.ts": "371ba34093db206d9048151a44195e2ca2af2f4e6a8f220411cb018d493cd96b",
    "https://deno.land/x/deno_slack_api@1.6.0/types.ts": "b28078c056dd7edfc92a2f8512a7e81313ea97d794e325acc0782be9daa46dbc"
  }
}